// !$*UTF8*$!
{
	archiveVersion = 1;
	classes = {
	};
	objectVersion = 46;
	objects = {

/* Begin PBXBuildFile section */
		D86D63AB1B0485770087E1A3 /* AppDelegate.m in Sources */ = {isa = PBXBuildFile; fileRef = D86D63AA1B0485770087E1A3 /* AppDelegate.m */; };
		D86D63AD1B0485770087E1A3 /* main.m in Sources */ = {isa = PBXBuildFile; fileRef = D86D63AC1B0485770087E1A3 /* main.m */; };
		D86D63B01B0485770087E1A3 /* ViewController.m in Sources */ = {isa = PBXBuildFile; fileRef = D86D63AF1B0485770087E1A3 /* ViewController.m */; };
		D86D63B21B0485770087E1A3 /* Images.xcassets in Resources */ = {isa = PBXBuildFile; fileRef = D86D63B11B0485770087E1A3 /* Images.xcassets */; };
		D86D63B51B0485770087E1A3 /* Main.storyboard in Resources */ = {isa = PBXBuildFile; fileRef = D86D63B31B0485770087E1A3 /* Main.storyboard */; };
		D86D63C11B0485770087E1A3 /* FllowThePPTests.m in Sources */ = {isa = PBXBuildFile; fileRef = D86D63C01B0485770087E1A3 /* FllowThePPTests.m */; };
/* End PBXBuildFile section */

/* Begin PBXContainerItemProxy section */
		D86D63BB1B0485770087E1A3 /* PBXContainerItemProxy */ = {
			isa = PBXContainerItemProxy;
			containerPortal = D86D639C1B0485770087E1A3 /* Project object */;
			proxyType = 1;
			remoteGlobalIDString = D86D63A31B0485770087E1A3;
			remoteInfo = FllowThePP;
		};
/* End PBXContainerItemProxy section */

/* Begin PBXFileReference section */
		D86D63A41B0485770087E1A3 /* FllowThePP.app */ = {isa = PBXFileReference; explicitFileType = wrapper.application; includeInIndex = 0; path = FllowThePP.app; sourceTree = BUILT_PRODUCTS_DIR; };
		D86D63A81B0485770087E1A3 /* Info.plist */ = {isa = PBXFileReference; lastKnownFileType = text.plist.xml; path = Info.plist; sourceTree = "<group>"; };
		D86D63A91B0485770087E1A3 /* AppDelegate.h */ = {isa = PBXFileReference; lastKnownFileType = sourcecode.c.h; path = AppDelegate.h; sourceTree = "<group>"; };
		D86D63AA1B0485770087E1A3 /* AppDelegate.m */ = {isa = PBXFileReference; lastKnownFileType = sourcecode.c.objc; path = AppDelegate.m; sourceTree = "<group>"; };
		D86D63AC1B0485770087E1A3 /* main.m */ = {isa = PBXFileReference; lastKnownFileType = sourcecode.c.objc; path = main.m; sourceTree = "<group>"; };
		D86D63AE1B0485770087E1A3 /* ViewController.h */ = {isa = PBXFileReference; lastKnownFileType = sourcecode.c.h; path = ViewController.h; sourceTree = "<group>"; };
		D86D63AF1B0485770087E1A3 /* ViewController.m */ = {isa = PBXFileReference; lastKnownFileType = sourcecode.c.objc; path = ViewController.m; sourceTree = "<group>"; };
		D86D63B11B0485770087E1A3 /* Images.xcassets */ = {isa = PBXFileReference; lastKnownFileType = folder.assetcatalog; path = Images.xcassets; sourceTree = "<group>"; };
		D86D63B41B0485770087E1A3 /* Base */ = {isa = PBXFileReference; lastKnownFileType = file.storyboard; name = Base; path = Base.lproj/Main.storyboard; sourceTree = "<group>"; };
		D86D63BA1B0485770087E1A3 /* FllowThePPTests.xctest */ = {isa = PBXFileReference; explicitFileType = wrapper.cfbundle; includeInIndex = 0; path = FllowThePPTests.xctest; sourceTree = BUILT_PRODUCTS_DIR; };
		D86D63BF1B0485770087E1A3 /* Info.plist */ = {isa = PBXFileReference; lastKnownFileType = text.plist.xml; path = Info.plist; sourceTree = "<group>"; };
		D86D63C01B0485770087E1A3 /* FllowThePPTests.m */ = {isa = PBXFileReference; lastKnownFileType = sourcecode.c.objc; path = FllowThePPTests.m; sourceTree = "<group>"; };
/* End PBXFileReference section */

/* Begin PBXFrameworksBuildPhase section */
		D86D63A11B0485770087E1A3 /* Frameworks */ = {
			isa = PBXFrameworksBuildPhase;
			buildActionMask = 2147483647;
			files = (
			);
			runOnlyForDeploymentPostprocessing = 0;
		};
		D86D63B71B0485770087E1A3 /* Frameworks */ = {
			isa = PBXFrameworksBuildPhase;
			buildActionMask = 2147483647;
			files = (
			);
			runOnlyForDeploymentPostprocessing = 0;
		};
/* End PBXFrameworksBuildPhase section */

/* Begin PBXGroup section */
		D86D639B1B0485770087E1A3 = {
			isa = PBXGroup;
			children = (
				D86D63A61B0485770087E1A3 /* FllowThePP */,
				D86D63BD1B0485770087E1A3 /* FllowThePPTests */,
				D86D63A51B0485770087E1A3 /* Products */,
			);
			sourceTree = "<group>";
		};
		D86D63A51B0485770087E1A3 /* Products */ = {
			isa = PBXGroup;
			children = (
				D86D63A41B0485770087E1A3 /* FllowThePP.app */,
				D86D63BA1B0485770087E1A3 /* FllowThePPTests.xctest */,
			);
			name = Products;
			sourceTree = "<group>";
		};
		D86D63A61B0485770087E1A3 /* FllowThePP */ = {
			isa = PBXGroup;
			children = (
				D86D63A91B0485770087E1A3 /* AppDelegate.h */,
				D86D63AA1B0485770087E1A3 /* AppDelegate.m */,
				D86D63AE1B0485770087E1A3 /* ViewController.h */,
				D86D63AF1B0485770087E1A3 /* ViewController.m */,
				D86D63B11B0485770087E1A3 /* Images.xcassets */,
				D86D63B31B0485770087E1A3 /* Main.storyboard */,
				D86D63A71B0485770087E1A3 /* Supporting Files */,
			);
			path = FllowThePP;
			sourceTree = "<group>";
		};
		D86D63A71B0485770087E1A3 /* Supporting Files */ = {
			isa = PBXGroup;
			children = (
				D86D63A81B0485770087E1A3 /* Info.plist */,
				D86D63AC1B0485770087E1A3 /* main.m */,
			);
			name = "Supporting Files";
			sourceTree = "<group>";
		};
		D86D63BD1B0485770087E1A3 /* FllowThePPTests */ = {
			isa = PBXGroup;
			children = (
				D86D63C01B0485770087E1A3 /* FllowThePPTests.m */,
				D86D63BE1B0485770087E1A3 /* Supporting Files */,
			);
			path = FllowThePPTests;
			sourceTree = "<group>";
		};
		D86D63BE1B0485770087E1A3 /* Supporting Files */ = {
			isa = PBXGroup;
			children = (
				D86D63BF1B0485770087E1A3 /* Info.plist */,
			);
			name = "Supporting Files";
			sourceTree = "<group>";
		};
/* End PBXGroup section */

/* Begin PBXNativeTarget section */
		D86D63A31B0485770087E1A3 /* FllowThePP */ = {
			isa = PBXNativeTarget;
			buildConfigurationList = D86D63C41B0485770087E1A3 /* Build configuration list for PBXNativeTarget "FllowThePP" */;
			buildPhases = (
				D86D63A01B0485770087E1A3 /* Sources */,
				D86D63A11B0485770087E1A3 /* Frameworks */,
				D86D63A21B0485770087E1A3 /* Resources */,
			);
			buildRules = (
			);
			dependencies = (
			);
			name = FllowThePP;
			productName = FllowThePP;
			productReference = D86D63A41B0485770087E1A3 /* FllowThePP.app */;
			productType = "com.apple.product-type.application";
		};
		D86D63B91B0485770087E1A3 /* FllowThePPTests */ = {
			isa = PBXNativeTarget;
			buildConfigurationList = D86D63C71B0485770087E1A3 /* Build configuration list for PBXNativeTarget "FllowThePPTests" */;
			buildPhases = (
				D86D63B61B0485770087E1A3 /* Sources */,
				D86D63B71B0485770087E1A3 /* Frameworks */,
				D86D63B81B0485770087E1A3 /* Resources */,
			);
			buildRules = (
			);
			dependencies = (
				D86D63BC1B0485770087E1A3 /* PBXTargetDependency */,
			);
			name = FllowThePPTests;
			productName = FllowThePPTests;
			productReference = D86D63BA1B0485770087E1A3 /* FllowThePPTests.xctest */;
			productType = "com.apple.product-type.bundle.unit-test";
		};
/* End PBXNativeTarget section */

/* Begin PBXProject section */
		D86D639C1B0485770087E1A3 /* Project object */ = {
			isa = PBXProject;
			attributes = {
				LastUpgradeCheck = 0630;
				ORGANIZATIONNAME = CC;
				TargetAttributes = {
					D86D63A31B0485770087E1A3 = {
						CreatedOnToolsVersion = 6.3.1;
					};
					D86D63B91B0485770087E1A3 = {
						CreatedOnToolsVersion = 6.3.1;
						TestTargetID = D86D63A31B0485770087E1A3;
					};
				};
			};
			buildConfigurationList = D86D639F1B0485770087E1A3 /* Build configuration list for PBXProject "FllowThePP" */;
			compatibilityVersion = "Xcode 3.2";
			developmentRegion = English;
			hasScannedForEncodings = 0;
			knownRegions = (
				en,
				Base,
			);
			mainGroup = D86D639B1B0485770087E1A3;
			productRefGroup = D86D63A51B0485770087E1A3 /* Products */;
			projectDirPath = "";
			projectRoot = "";
			targets = (
				D86D63A31B0485770087E1A3 /* FllowThePP */,
				D86D63B91B0485770087E1A3 /* FllowThePPTests */,
			);
		};
/* End PBXProject section */

/* Begin PBXResourcesBuildPhase section */
		D86D63A21B0485770087E1A3 /* Resources */ = {
			isa = PBXResourcesBuildPhase;
			buildActionMask = 2147483647;
			files = (
				D86D63B21B0485770087E1A3 /* Images.xcassets in Resources */,
				D86D63B51B0485770087E1A3 /* Main.storyboard in Resources */,
			);
			runOnlyForDeploymentPostprocessing = 0;
		};
		D86D63B81B0485770087E1A3 /* Resources */ = {
			isa = PBXResourcesBuildPhase;
			buildActionMask = 2147483647;
			files = (
			);
			runOnlyForDeploymentPostprocessing = 0;
		};
/* End PBXResourcesBuildPhase section */

/* Begin PBXSourcesBuildPhase section */
		D86D63A01B0485770087E1A3 /* Sources */ = {
			isa = PBXSourcesBuildPhase;
			buildActionMask = 2147483647;
			files = (
				D86D63B01B0485770087E1A3 /* ViewController.m in Sources */,
				D86D63AD1B0485770087E1A3 /* main.m in Sources */,
				D86D63AB1B0485770087E1A3 /* AppDelegate.m in Sources */,
			);
			runOnlyForDeploymentPostprocessing = 0;
		};
		D86D63B61B0485770087E1A3 /* Sources */ = {
			isa = PBXSourcesBuildPhase;
			buildActionMask = 2147483647;
			files = (
				D86D63C11B0485770087E1A3 /* FllowThePPTests.m in Sources */,
			);
			runOnlyForDeploymentPostprocessing = 0;
		};
/* End PBXSourcesBuildPhase section */

/* Begin PBXTargetDependency section */
		D86D63BC1B0485770087E1A3 /* PBXTargetDependency */ = {
			isa = PBXTargetDependency;
			target = D86D63A31B0485770087E1A3 /* FllowThePP */;
			targetProxy = D86D63BB1B0485770087E1A3 /* PBXContainerItemProxy */;
		};
/* End PBXTargetDependency section */

/* Begin PBXVariantGroup section */
		D86D63B31B0485770087E1A3 /* Main.storyboard */ = {
			isa = PBXVariantGroup;
			children = (
				D86D63B41B0485770087E1A3 /* Base */,
			);
			name = Main.storyboard;
			sourceTree = "<group>";
		};
/* End PBXVariantGroup section */

/* Begin XCBuildConfiguration section */
		D86D63C21B0485770087E1A3 /* Debug */ = {
			isa = XCBuildConfiguration;
			buildSettings = {
				ALWAYS_SEARCH_USER_PATHS = NO;
				CLANG_CXX_LANGUAGE_STANDARD = "gnu++0x";
				CLANG_CXX_LIBRARY = "libc++";
				CLANG_ENABLE_MODULES = YES;
				CLANG_ENABLE_OBJC_ARC = YES;
				CLANG_WARN_BOOL_CONVERSION = YES;
				CLANG_WARN_CONSTANT_CONVERSION = YES;
				CLANG_WARN_DIRECT_OBJC_ISA_USAGE = YES_ERROR;
				CLANG_WARN_EMPTY_BODY = YES;
				CLANG_WARN_ENUM_CONVERSION = YES;
				CLANG_WARN_INT_CONVERSION = YES;
				CLANG_WARN_OBJC_ROOT_CLASS = YES_ERROR;
				CLANG_WARN_UNREACHABLE_CODE = YES;
				CLANG_WARN__DUPLICATE_METHOD_MATCH = YES;
				CODE_SIGN_IDENTITY = "-";
				COPY_PHASE_STRIP = NO;
				DEBUG_INFORMATION_FORMAT = dwarf;
				ENABLE_STRICT_OBJC_MSGSEND = YES;
				GCC_C_LANGUAGE_STANDARD = gnu99;
				GCC_DYNAMIC_NO_PIC = NO;
				GCC_NO_COMMON_BLOCKS = YES;
				GCC_OPTIMIZATION_LEVEL = 0;
				GCC_PREPROCESSOR_DEFINITIONS = (
					"DEBUG=1",
					"$(inherited)",
				);
				GCC_SYMBOLS_PRIVATE_EXTERN = NO;
				GCC_WARN_64_TO_32_BIT_CONVERSION = YES;
				GCC_WARN_ABOUT_RETURN_TYPE = YES_ERROR;
				GCC_WARN_UNDECLARED_SELECTOR = YES;
				GCC_WARN_UNINITIALIZED_AUTOS = YES_AGGRESSIVE;
				GCC_WARN_UNUSED_FUNCTION = YES;
				GCC_WARN_UNUSED_VARIABLE = YES;
				MACOSX_DEPLOYMENT_TARGET = 10.10;
				MTL_ENABLE_DEBUG_INFO = YES;
				ONLY_ACTIVE_ARCH = YES;
				SDKROOT = macosx;
			};
			name = Debug;
		};
		D86D63C31B0485770087E1A3 /* Release */ = {
			isa = XCBuildConfiguration;
			buildSettings = {
				ALWAYS_SEARCH_USER_PATHS = NO;
				CLANG_CXX_LANGUAGE_STANDARD = "gnu++0x";
				CLANG_CXX_LIBRARY = "libc++";
				CLANG_ENABLE_MODULES = YES;
				CLANG_ENABLE_OBJC_ARC = YES;
				CLANG_WARN_BOOL_CONVERSION = YES;
				CLANG_WARN_CONSTANT_CONVERSION = YES;
				CLANG_WARN_DIRECT_OBJC_ISA_USAGE = YES_ERROR;
				CLANG_WARN_EMPTY_BODY = YES;
				CLANG_WARN_ENUM_CONVERSION = YES;
				CLANG_WARN_INT_CONVERSION = YES;
				CLANG_WARN_OBJC_ROOT_CLASS = YES_ERROR;
				CLANG_WARN_UNREACHABLE_CODE = YES;
				CLANG_WARN__DUPLICATE_METHOD_MATCH = YES;
				CODE_SIGN_IDENTITY = "-";
				COPY_PHASE_STRIP = NO;
				DEBUG_INFORMATION_FORMAT = "dwarf-with-dsym";
				ENABLE_NS_ASSERTIONS = NO;
				ENABLE_STRICT_OBJC_MSGSEND = YES;
				GCC_C_LANGUAGE_STANDARD = gnu99;
				GCC_NO_COMMON_BLOCKS = YES;
				GCC_WARN_64_TO_32_BIT_CONVERSION = YES;
				GCC_WARN_ABOUT_RETURN_TYPE = YES_ERROR;
				GCC_WARN_UNDECLARED_SELECTOR = YES;
				GCC_WARN_UNINITIALIZED_AUTOS = YES_AGGRESSIVE;
				GCC_WARN_UNUSED_FUNCTION = YES;
				GCC_WARN_UNUSED_VARIABLE = YES;
				MACOSX_DEPLOYMENT_TARGET = 10.10;
				MTL_ENABLE_DEBUG_INFO = NO;
				SDKROOT = macosx;
			};
			name = Release;
		};
		D86D63C51B0485770087E1A3 /* Debug */ = {
			isa = XCBuildConfiguration;
			buildSettings = {
				ASSETCATALOG_COMPILER_APPICON_NAME = AppIcon;
				COMBINE_HIDPI_IMAGES = YES;
				INFOPLIST_FILE = FllowThePP/Info.plist;
				LD_RUNPATH_SEARCH_PATHS = "$(inherited) @executable_path/../Frameworks";
				PRODUCT_NAME = "$(TARGET_NAME)";
			};
			name = Debug;
		};
		D86D63C61B0485770087E1A3 /* Release */ = {
			isa = XCBuildConfiguration;
			buildSettings = {
				ASSETCATALOG_COMPILER_APPICON_NAME = AppIcon;
				COMBINE_HIDPI_IMAGES = YES;
				INFOPLIST_FILE = FllowThePP/Info.plist;
				LD_RUNPATH_SEARCH_PATHS = "$(inherited) @executable_path/../Frameworks";
				PRODUCT_NAME = "$(TARGET_NAME)";
			};
			name = Release;
		};
		D86D63C81B0485770087E1A3 /* Debug */ = {
			isa = XCBuildConfiguration;
			buildSettings = {
				BUNDLE_LOADER = "$(TEST_HOST)";
				COMBINE_HIDPI_IMAGES = YES;
				FRAMEWORK_SEARCH_PATHS = (
					"$(DEVELOPER_FRAMEWORKS_DIR)",
					"$(inherited)",
				);
				GCC_PREPROCESSOR_DEFINITIONS = (
					"DEBUG=1",
					"$(inherited)",
				);
				INFOPLIST_FILE = FllowThePPTests/Info.plist;
				LD_RUNPATH_SEARCH_PATHS = "$(inherited) @executable_path/../Frameworks @loader_path/../Frameworks";
				PRODUCT_NAME = "$(TARGET_NAME)";
				TEST_HOST = "$(BUILT_PRODUCTS_DIR)/FllowThePP.app/Contents/MacOS/FllowThePP";
			};
			name = Debug;
		};
		D86D63C91B0485770087E1A3 /* Release */ = {
			isa = XCBuildConfiguration;
			buildSettings = {
				BUNDLE_LOADER = "$(TEST_HOST)";
				COMBINE_HIDPI_IMAGES = YES;
				FRAMEWORK_SEARCH_PATHS = (
					"$(DEVELOPER_FRAMEWORKS_DIR)",
					"$(inherited)",
				);
				INFOPLIST_FILE = FllowThePPTests/Info.plist;
				LD_RUNPATH_SEARCH_PATHS = "$(inherited) @executable_path/../Frameworks @loader_path/../Frameworks";
				PRODUCT_NAME = "$(TARGET_NAME)";
				TEST_HOST = "$(BUILT_PRODUCTS_DIR)/FllowThePP.app/Contents/MacOS/FllowThePP";
			};
			name = Release;
		};
/* End XCBuildConfiguration section */

/* Begin XCConfigurationList section */
		D86D639F1B0485770087E1A3 /* Build configuration list for PBXProject "FllowThePP" */ = {
			isa = XCConfigurationList;
			buildConfigurations = (
				D86D63C21B0485770087E1A3 /* Debug */,
				D86D63C31B0485770087E1A3 /* Release */,
			);
			defaultConfigurationIsVisible = 0;
			defaultConfigurationName = Release;
		};
		D86D63C41B0485770087E1A3 /* Build configuration list for PBXNativeTarget "FllowThePP" */ = {
			isa = XCConfigurationList;
			buildConfigurations = (
				D86D63C51B0485770087E1A3 /* Debug */,
				D86D63C61B0485770087E1A3 /* Release */,
			);
			defaultConfigurationIsVisible = 0;
		};
		D86D63C71B0485770087E1A3 /* Build configuration list for PBXNativeTarget "FllowThePPTests" */ = {
			isa = XCConfigurationList;
			buildConfigurations = (
				D86D63C81B0485770087E1A3 /* Debug */,
				D86D63C91B0485770087E1A3 /* Release */,
			);
			defaultConfigurationIsVisible = 0;
		};
/* End XCConfigurationList section */
	};
	rootObject = D86D639C1B0485770087E1A3 /* Project object */;
}
